
Microsoft Visual Studio Solution File, Format Version 12.00
# Visual Studio Version 16
VisualStudioVersion = 16.0.28803.352
MinimumVisualStudioVersion = 15.0.26124.0
Project("{2150E333-8FDC-42A3-9474-1A3956D46DE8}") = ".paket", ".paket", "{5A84427F-F5BB-4458-AF59-27DF98E8242F}"
	ProjectSection(SolutionItems) = preProject
		paket.dependencies = paket.dependencies
	EndProjectSection
EndProject
Project("{9A19103F-16F7-4668-BE54-9A1E7A4F7556}") = "study.httpconnections.Core", "src\study.httpconnections.Core\study.httpconnections.Core.csproj", "{5426DC15-7ABE-43F8-A328-D551F46D718C}"
EndProject
Project("{2150E333-8FDC-42A3-9474-1A3956D46DE8}") = "test", "test", "{197C43D5-32A8-434B-8499-E8866521187D}"
EndProject
Project("{9A19103F-16F7-4668-BE54-9A1E7A4F7556}") = "study.httpconnections.Tests", "test\study.httpconnections.Tests\study.httpconnections.Tests.csproj", "{64BA9418-84E8-481B-87A8-4E80A3A041ED}"
EndProject
Project("{9A19103F-16F7-4668-BE54-9A1E7A4F7556}") = "AspCoreWebApi", "src\AspCoreWebApi\AspCoreWebApi.csproj", "{154C3CAD-A32A-4C2C-93DC-FD53B41273DB}"
EndProject
Project("{FAE04EC0-301F-11D3-BF4B-00C04F79EFBC}") = "LegacyHttpClient", "src\LegacyHttpClient\LegacyHttpClient.csproj", "{EB23E818-DEB2-4097-8D3A-C62E851D9DC1}"
EndProject
Project("{FAE04EC0-301F-11D3-BF4B-00C04F79EFBC}") = "LegacyServer", "src\LegacyServer\LegacyServer.csproj", "{3280F781-3ED9-42FB-A1B3-9569CBF282E6}"
EndProject
Project("{2150E333-8FDC-42A3-9474-1A3956D46DE8}") = "servers", "servers", "{E5F5A79A-86D6-44AF-8E8A-69E3C1501836}"
EndProject
Project("{2150E333-8FDC-42A3-9474-1A3956D46DE8}") = "clients", "clients", "{75673D10-8BE2-4E1E-A950-CABE791E6CA4}"
EndProject
Project("{FAE04EC0-301F-11D3-BF4B-00C04F79EFBC}") = "LegacyOwin523", "src\LegacyOwin523\LegacyOwin523.csproj", "{1CFBA433-BB1B-4E39-8D9A-006DE303E7E4}"
EndProject
Project("{FAE04EC0-301F-11D3-BF4B-00C04F79EFBC}") = "LegacyOwin", "src\LegacyOwin\LegacyOwin.csproj", "{832100DE-DEDA-4452-8ACF-1CCF5FFF3C9B}"
EndProject
Global
	GlobalSection(SolutionConfigurationPlatforms) = preSolution
		Debug|Any CPU = Debug|Any CPU
		Debug|x64 = Debug|x64
		Debug|x86 = Debug|x86
		Release|Any CPU = Release|Any CPU
		Release|x64 = Release|x64
		Release|x86 = Release|x86
	EndGlobalSection
	GlobalSection(ProjectConfigurationPlatforms) = postSolution
		{5426DC15-7ABE-43F8-A328-D551F46D718C}.Debug|Any CPU.ActiveCfg = Debug|Any CPU
		{5426DC15-7ABE-43F8-A328-D551F46D718C}.Debug|Any CPU.Build.0 = Debug|Any CPU
		{5426DC15-7ABE-43F8-A328-D551F46D718C}.Debug|x64.ActiveCfg = Debug|Any CPU
		{5426DC15-7ABE-43F8-A328-D551F46D718C}.Debug|x64.Build.0 = Debug|Any CPU
		{5426DC15-7ABE-43F8-A328-D551F46D718C}.Debug|x86.ActiveCfg = Debug|Any CPU
		{5426DC15-7ABE-43F8-A328-D551F46D718C}.Debug|x86.Build.0 = Debug|Any CPU
		{5426DC15-7ABE-43F8-A328-D551F46D718C}.Release|Any CPU.ActiveCfg = Release|Any CPU
		{5426DC15-7ABE-43F8-A328-D551F46D718C}.Release|Any CPU.Build.0 = Release|Any CPU
		{5426DC15-7ABE-43F8-A328-D551F46D718C}.Release|x64.ActiveCfg = Release|Any CPU
		{5426DC15-7ABE-43F8-A328-D551F46D718C}.Release|x64.Build.0 = Release|Any CPU
		{5426DC15-7ABE-43F8-A328-D551F46D718C}.Release|x86.ActiveCfg = Release|Any CPU
		{5426DC15-7ABE-43F8-A328-D551F46D718C}.Release|x86.Build.0 = Release|Any CPU
		{64BA9418-84E8-481B-87A8-4E80A3A041ED}.Debug|Any CPU.ActiveCfg = Debug|Any CPU
		{64BA9418-84E8-481B-87A8-4E80A3A041ED}.Debug|Any CPU.Build.0 = Debug|Any CPU
		{64BA9418-84E8-481B-87A8-4E80A3A041ED}.Debug|x64.ActiveCfg = Debug|Any CPU
		{64BA9418-84E8-481B-87A8-4E80A3A041ED}.Debug|x64.Build.0 = Debug|Any CPU
		{64BA9418-84E8-481B-87A8-4E80A3A041ED}.Debug|x86.ActiveCfg = Debug|Any CPU
		{64BA9418-84E8-481B-87A8-4E80A3A041ED}.Debug|x86.Build.0 = Debug|Any CPU
		{64BA9418-84E8-481B-87A8-4E80A3A041ED}.Release|Any CPU.ActiveCfg = Release|Any CPU
		{64BA9418-84E8-481B-87A8-4E80A3A041ED}.Release|Any CPU.Build.0 = Release|Any CPU
		{64BA9418-84E8-481B-87A8-4E80A3A041ED}.Release|x64.ActiveCfg = Release|Any CPU
		{64BA9418-84E8-481B-87A8-4E80A3A041ED}.Release|x64.Build.0 = Release|Any CPU
		{64BA9418-84E8-481B-87A8-4E80A3A041ED}.Release|x86.ActiveCfg = Release|Any CPU
		{64BA9418-84E8-481B-87A8-4E80A3A041ED}.Release|x86.Build.0 = Release|Any CPU
		{154C3CAD-A32A-4C2C-93DC-FD53B41273DB}.Debug|Any CPU.ActiveCfg = Debug|Any CPU
		{154C3CAD-A32A-4C2C-93DC-FD53B41273DB}.Debug|Any CPU.Build.0 = Debug|Any CPU
		{154C3CAD-A32A-4C2C-93DC-FD53B41273DB}.Debug|x64.ActiveCfg = Debug|Any CPU
		{154C3CAD-A32A-4C2C-93DC-FD53B41273DB}.Debug|x64.Build.0 = Debug|Any CPU
		{154C3CAD-A32A-4C2C-93DC-FD53B41273DB}.Debug|x86.ActiveCfg = Debug|Any CPU
		{154C3CAD-A32A-4C2C-93DC-FD53B41273DB}.Debug|x86.Build.0 = Debug|Any CPU
		{154C3CAD-A32A-4C2C-93DC-FD53B41273DB}.Release|Any CPU.ActiveCfg = Release|Any CPU
		{154C3CAD-A32A-4C2C-93DC-FD53B41273DB}.Release|Any CPU.Build.0 = Release|Any CPU
		{154C3CAD-A32A-4C2C-93DC-FD53B41273DB}.Release|x64.ActiveCfg = Release|Any CPU
		{154C3CAD-A32A-4C2C-93DC-FD53B41273DB}.Release|x64.Build.0 = Release|Any CPU
		{154C3CAD-A32A-4C2C-93DC-FD53B41273DB}.Release|x86.ActiveCfg = Release|Any CPU
		{154C3CAD-A32A-4C2C-93DC-FD53B41273DB}.Release|x86.Build.0 = Release|Any CPU
		{EB23E818-DEB2-4097-8D3A-C62E851D9DC1}.Debug|Any CPU.ActiveCfg = Debug|Any CPU
		{EB23E818-DEB2-4097-8D3A-C62E851D9DC1}.Debug|Any CPU.Build.0 = Debug|Any CPU
		{EB23E818-DEB2-4097-8D3A-C62E851D9DC1}.Debug|x64.ActiveCfg = Debug|Any CPU
		{EB23E818-DEB2-4097-8D3A-C62E851D9DC1}.Debug|x64.Build.0 = Debug|Any CPU
		{EB23E818-DEB2-4097-8D3A-C62E851D9DC1}.Debug|x86.ActiveCfg = Debug|Any CPU
		{EB23E818-DEB2-4097-8D3A-C62E851D9DC1}.Debug|x86.Build.0 = Debug|Any CPU
		{EB23E818-DEB2-4097-8D3A-C62E851D9DC1}.Release|Any CPU.ActiveCfg = Release|Any CPU
		{EB23E818-DEB2-4097-8D3A-C62E851D9DC1}.Release|Any CPU.Build.0 = Release|Any CPU
		{EB23E818-DEB2-4097-8D3A-C62E851D9DC1}.Release|x64.ActiveCfg = Release|Any CPU
		{EB23E818-DEB2-4097-8D3A-C62E851D9DC1}.Release|x64.Build.0 = Release|Any CPU
		{EB23E818-DEB2-4097-8D3A-C62E851D9DC1}.Release|x86.ActiveCfg = Release|Any CPU
		{EB23E818-DEB2-4097-8D3A-C62E851D9DC1}.Release|x86.Build.0 = Release|Any CPU
		{3280F781-3ED9-42FB-A1B3-9569CBF282E6}.Debug|Any CPU.ActiveCfg = Debug|Any CPU
		{3280F781-3ED9-42FB-A1B3-9569CBF282E6}.Debug|Any CPU.Build.0 = Debug|Any CPU
		{3280F781-3ED9-42FB-A1B3-9569CBF282E6}.Debug|x64.ActiveCfg = Debug|Any CPU
		{3280F781-3ED9-42FB-A1B3-9569CBF282E6}.Debug|x64.Build.0 = Debug|Any CPU
		{3280F781-3ED9-42FB-A1B3-9569CBF282E6}.Debug|x86.ActiveCfg = Debug|Any CPU
		{3280F781-3ED9-42FB-A1B3-9569CBF282E6}.Debug|x86.Build.0 = Debug|Any CPU
		{3280F781-3ED9-42FB-A1B3-9569CBF282E6}.Release|Any CPU.ActiveCfg = Release|Any CPU
		{3280F781-3ED9-42FB-A1B3-9569CBF282E6}.Release|Any CPU.Build.0 = Release|Any CPU
		{3280F781-3ED9-42FB-A1B3-9569CBF282E6}.Release|x64.ActiveCfg = Release|Any CPU
		{3280F781-3ED9-42FB-A1B3-9569CBF282E6}.Release|x64.Build.0 = Release|Any CPU
		{3280F781-3ED9-42FB-A1B3-9569CBF282E6}.Release|x86.ActiveCfg = Release|Any CPU
		{3280F781-3ED9-42FB-A1B3-9569CBF282E6}.Release|x86.Build.0 = Release|Any CPU
		{1CFBA433-BB1B-4E39-8D9A-006DE303E7E4}.Debug|Any CPU.ActiveCfg = Debug|Any CPU
		{1CFBA433-BB1B-4E39-8D9A-006DE303E7E4}.Debug|Any CPU.Build.0 = Debug|Any CPU
		{1CFBA433-BB1B-4E39-8D9A-006DE303E7E4}.Debug|x64.ActiveCfg = Debug|Any CPU
		{1CFBA433-BB1B-4E39-8D9A-006DE303E7E4}.Debug|x64.Build.0 = Debug|Any CPU
		{1CFBA433-BB1B-4E39-8D9A-006DE303E7E4}.Debug|x86.ActiveCfg = Debug|Any CPU
		{1CFBA433-BB1B-4E39-8D9A-006DE303E7E4}.Debug|x86.Build.0 = Debug|Any CPU
		{1CFBA433-BB1B-4E39-8D9A-006DE303E7E4}.Release|Any CPU.ActiveCfg = Release|Any CPU
		{1CFBA433-BB1B-4E39-8D9A-006DE303E7E4}.Release|Any CPU.Build.0 = Release|Any CPU
		{1CFBA433-BB1B-4E39-8D9A-006DE303E7E4}.Release|x64.ActiveCfg = Release|Any CPU
		{1CFBA433-BB1B-4E39-8D9A-006DE303E7E4}.Release|x64.Build.0 = Release|Any CPU
		{1CFBA433-BB1B-4E39-8D9A-006DE303E7E4}.Release|x86.ActiveCfg = Release|Any CPU
		{1CFBA433-BB1B-4E39-8D9A-006DE303E7E4}.Release|x86.Build.0 = Release|Any CPU
		{832100DE-DEDA-4452-8ACF-1CCF5FFF3C9B}.Debug|Any CPU.ActiveCfg = Debug|Any CPU
		{832100DE-DEDA-4452-8ACF-1CCF5FFF3C9B}.Debug|Any CPU.Build.0 = Debug|Any CPU
		{832100DE-DEDA-4452-8ACF-1CCF5FFF3C9B}.Debug|x64.ActiveCfg = Debug|Any CPU
		{832100DE-DEDA-4452-8ACF-1CCF5FFF3C9B}.Debug|x64.Build.0 = Debug|Any CPU
		{832100DE-DEDA-4452-8ACF-1CCF5FFF3C9B}.Debug|x86.ActiveCfg = Debug|Any CPU
		{832100DE-DEDA-4452-8ACF-1CCF5FFF3C9B}.Debug|x86.Build.0 = Debug|Any CPU
		{832100DE-DEDA-4452-8ACF-1CCF5FFF3C9B}.Release|Any CPU.ActiveCfg = Release|Any CPU
		{832100DE-DEDA-4452-8ACF-1CCF5FFF3C9B}.Release|Any CPU.Build.0 = Release|Any CPU
		{832100DE-DEDA-4452-8ACF-1CCF5FFF3C9B}.Release|x64.ActiveCfg = Release|Any CPU
		{832100DE-DEDA-4452-8ACF-1CCF5FFF3C9B}.Release|x64.Build.0 = Release|Any CPU
		{832100DE-DEDA-4452-8ACF-1CCF5FFF3C9B}.Release|x86.ActiveCfg = Release|Any CPU
		{832100DE-DEDA-4452-8ACF-1CCF5FFF3C9B}.Release|x86.Build.0 = Release|Any CPU
	EndGlobalSection
	GlobalSection(SolutionProperties) = preSolution
		HideSolutionNode = FALSE
	EndGlobalSection
	GlobalSection(NestedProjects) = preSolution
		{64BA9418-84E8-481B-87A8-4E80A3A041ED} = {197C43D5-32A8-434B-8499-E8866521187D}
		{EB23E818-DEB2-4097-8D3A-C62E851D9DC1} = {75673D10-8BE2-4E1E-A950-CABE791E6CA4}
		{3280F781-3ED9-42FB-A1B3-9569CBF282E6} = {E5F5A79A-86D6-44AF-8E8A-69E3C1501836}
		{1CFBA433-BB1B-4E39-8D9A-006DE303E7E4} = {E5F5A79A-86D6-44AF-8E8A-69E3C1501836}
		{832100DE-DEDA-4452-8ACF-1CCF5FFF3C9B} = {E5F5A79A-86D6-44AF-8E8A-69E3C1501836}
	EndGlobalSection
	GlobalSection(ExtensibilityGlobals) = postSolution
		SolutionGuid = {83F5427E-6579-4EF5-AB7E-17E9DAF89322}
	EndGlobalSection
EndGlobal
