
Microsoft Visual Studio Solution File, Format Version 12.00
# Visual Studio Version 16
VisualStudioVersion = 16.0.28803.352
MinimumVisualStudioVersion = 15.0.26124.0
Project("{2150E333-8FDC-42A3-9474-1A3956D46DE8}") = ".paket", ".paket", "{6E624AB2-A836-45A2-93CF-4F8FFD034F5E}"
	ProjectSection(SolutionItems) = preProject
		paket.dependencies = paket.dependencies
	EndProjectSection
EndProject
Project("{2150E333-8FDC-42A3-9474-1A3956D46DE8}") = "src", "src", "{3A8970D9-7071-42AC-8149-C37F272D6AF1}"
EndProject
Project("{FAE04EC0-301F-11D3-BF4B-00C04F79EFBC}") = "LegacyHttpClient", "src\LegacyHttpClient\LegacyHttpClient.csproj", "{EB23E818-DEB2-4097-8D3A-C62E851D9DC1}"
EndProject
Global
	GlobalSection(SolutionConfigurationPlatforms) = preSolution
		Debug|Any CPU = Debug|Any CPU
		Debug|x64 = Debug|x64
		Debug|x86 = Debug|x86
		Release|Any CPU = Release|Any CPU
		Release|x64 = Release|x64
		Release|x86 = Release|x86
	EndGlobalSection
	GlobalSection(ProjectConfigurationPlatforms) = postSolution
		{EB23E818-DEB2-4097-8D3A-C62E851D9DC1}.Debug|Any CPU.ActiveCfg = Debug|Any CPU
		{EB23E818-DEB2-4097-8D3A-C62E851D9DC1}.Debug|Any CPU.Build.0 = Debug|Any CPU
		{EB23E818-DEB2-4097-8D3A-C62E851D9DC1}.Debug|x64.ActiveCfg = Debug|Any CPU
		{EB23E818-DEB2-4097-8D3A-C62E851D9DC1}.Debug|x64.Build.0 = Debug|Any CPU
		{EB23E818-DEB2-4097-8D3A-C62E851D9DC1}.Debug|x86.ActiveCfg = Debug|Any CPU
		{EB23E818-DEB2-4097-8D3A-C62E851D9DC1}.Debug|x86.Build.0 = Debug|Any CPU
		{EB23E818-DEB2-4097-8D3A-C62E851D9DC1}.Release|Any CPU.ActiveCfg = Release|Any CPU
		{EB23E818-DEB2-4097-8D3A-C62E851D9DC1}.Release|Any CPU.Build.0 = Release|Any CPU
		{EB23E818-DEB2-4097-8D3A-C62E851D9DC1}.Release|x64.ActiveCfg = Release|Any CPU
		{EB23E818-DEB2-4097-8D3A-C62E851D9DC1}.Release|x64.Build.0 = Release|Any CPU
		{EB23E818-DEB2-4097-8D3A-C62E851D9DC1}.Release|x86.ActiveCfg = Release|Any CPU
		{EB23E818-DEB2-4097-8D3A-C62E851D9DC1}.Release|x86.Build.0 = Release|Any CPU
	EndGlobalSection
	GlobalSection(SolutionProperties) = preSolution
		HideSolutionNode = FALSE
	EndGlobalSection
	GlobalSection(NestedProjects) = preSolution
		{EB23E818-DEB2-4097-8D3A-C62E851D9DC1} = {3A8970D9-7071-42AC-8149-C37F272D6AF1}
	EndGlobalSection
	GlobalSection(ExtensibilityGlobals) = postSolution
		SolutionGuid = {83F5427E-6579-4EF5-AB7E-17E9DAF89322}
	EndGlobalSection
EndGlobal
